
Microsoft Visual Studio Solution File, Format Version 12.00
# Visual Studio Version 17
VisualStudioVersion = 17.10.35004.147
MinimumVisualStudioVersion = 10.0.40219.1
Project("{FAE04EC0-301F-11D3-BF4B-00C04F79EFBC}") = "StudentPortal.Web", "StudentPortal.Web\StudentPortal.Web.csproj", "{7AB00293-C215-415E-8B51-03B526B6F773}"
EndProject
Global
	GlobalSection(SolutionConfigurationPlatforms) = preSolution
		Debug|Any CPU = Debug|Any CPU
		Release|Any CPU = Release|Any CPU
	EndGlobalSection
	GlobalSection(ProjectConfigurationPlatforms) = postSolution
		{7AB00293-C215-415E-8B51-03B526B6F773}.Debug|Any CPU.ActiveCfg = Debug|Any CPU
		{7AB00293-C215-415E-8B51-03B526B6F773}.Debug|Any CPU.Build.0 = Debug|Any CPU
		{7AB00293-C215-415E-8B51-03B526B6F773}.Release|Any CPU.ActiveCfg = Release|Any CPU
		{7AB00293-C215-415E-8B51-03B526B6F773}.Release|Any CPU.Build.0 = Release|Any CPU
	EndGlobalSection
	GlobalSection(SolutionProperties) = preSolution
		HideSolutionNode = FALSE
	EndGlobalSection
	GlobalSection(ExtensibilityGlobals) = postSolution
		SolutionGuid = {FE3C9E4A-E0EF-414B-8982-F8391D5FE13F}
	EndGlobalSection
EndGlobal
